github.com/dgryski/go-prefetch v0.0.0-20180312175948-271b16d73b2e h1:77nk5ZgIW+F+d9GcAMy6+5fHFbl3Si11a8NWbJP02to=
github.com/dgryski/go-prefetch v0.0.0-20180312175948-271b16d73b2e/go.mod h1:yJ7sWbox6AFPLL8tMoaj4xtzLsC7cIlMVJtnVyxckRw=
github.com/golangee/log v0.0.0-20200527135508-039216fb6009 h1:Oq7S5qEtW2onDpKpYOcn4l/6pwKgg+GlpLSqfM79RxQ=
github.com/golangee/log v0.0.0-20200527135508-039216fb6009/go.mod h1:3bn9K3Qv+nn37RGViudYamNme1p/xf5olDp5Qehf6w8=
github.com/pierrec/lz4 v1.0.1 h1:w6GMGWSsCI04fTM8wQRdnW74MuJISakuUU0onU0TYB4=
github.com/pierrec/lz4 v2.5.2+incompatible h1:WCjObylUIOlKy/+7Abdn34TLIkXiA4UWUMhxq9m9ZXI=
github.com/pierrec/lz4 v2.5.2+incompatible/go.mod h1:pdkljMzZIN41W+lC3N2tnIh5sFi+IEE17M5jbnwPHcY=
github.com/worldiety/ioutil v0.0.0-20200218105628-f01bd4ba8dd8 h1:1MzLj3FBzoEsD0T8nc94YQmJEPyqujFLGFCelPEy25w=
github.com/worldiety/ioutil v0.0.0-20200218105628-f01bd4ba8dd8/go.mod h1:BdaPI7SxP9HTK7ixxvzsefmPKzrkRowbpT+1x3iPmmY=
github.com/worldiety/ioutil v0.0.0-20200623122521-9528601101ef h1:D4YHXMVe4YGnXYRhZkuDpjUbegt4Qg0zYnpIqhySKFg=
github.com/worldiety/ioutil v0.0.0-20200623122521-9528601101ef/go.mod h1:BdaPI7SxP9HTK7ixxvzsefmPKzrkRowbpT+1x3iPmmY=
github.com/worldiety/ioutil v0.0.0-20200626122232-a6a15ec44896 h1:XfU7qimwf+AMB37xOWomU4ysUCrhrJmZC/pdRQ+E5ac=
github.com/worldiety/ioutil v0.0.0-20200626122232-a6a15ec44896/go.mod h1:BdaPI7SxP9HTK7ixxvzsefmPKzrkRowbpT+1x3iPmmY=
github.com/worldiety/ioutil v0.0.0-20200626140705-5709df3eed19 h1:Ul6vKY6mF6NGK58j3YZdvwRab7g7kBlxAIKoQpykmzA=
github.com/worldiety/ioutil v0.0.0-20200626140705-5709df3eed19/go.mod h1:BdaPI7SxP9HTK7ixxvzsefmPKzrkRowbpT+1x3iPmmY=
github.com/worldiety/ioutil v0.0.0-20200626141522-3aa8ff067df8 h1:75Yh228z2ntqm1cM5aI1N3nXywaXK2/PLvenpwYhGfM=
github.com/worldiety/ioutil v0.0.0-20200626141522-3aa8ff067df8/go.mod h1:BdaPI7SxP9HTK7ixxvzsefmPKzrkRowbpT+1x3iPmmY=
github.com/worldiety/ioutil v0.0.0-20200701154211-8605f555c247 h1:yzlLpAw/TmZwLTZU8dVaLCrXBzgfKGHp6ignxY8rwso=
github.com/worldiety/ioutil v0.0.0-20200701154211-8605f555c247/go.mod h1:BdaPI7SxP9HTK7ixxvzsefmPKzrkRowbpT+1x3iPmmY=
github.com/worldiety/ioutil v0.0.0-20200701154709-6d160e43a609 h1:C32n5Wfy3SgdKQ3u0NorgXQNwGzUVXX5nQMyY1csHRk=
github.com/worldiety/ioutil v0.0.0-20200701154709-6d160e43a609/go.mod h1:BdaPI7SxP9HTK7ixxvzsefmPKzrkRowbpT+1x3iPmmY=
github.com/worldiety/ioutil v0.0.0-20200703141145-92fab8365fe4 h1:/gRAyXJfW17uL0zlQkQjild0p9s+DecyyM88rUYxvPI=
github.com/worldiety/ioutil v0.0.0-20200703141145-92fab8365fe4/go.mod h1:BdaPI7SxP9HTK7ixxvzsefmPKzrkRowbpT+1x3iPmmY=
github.com/worldiety/ioutil v0.0.0-20200709073751-ea518b05c020 h1:euUDJnKbQDNN2UsdpsmUwjh3LHED5tkGvxvMqYk+FVk=
github.com/worldiety/ioutil v0.0.0-20200709073751-ea518b05c020/go.mod h1:BdaPI7SxP9HTK7ixxvzsefmPKzrkRowbpT+1x3iPmmY=
github.com/worldiety/ioutil v0.0.0-20200709094242-7c369ff3ca19 h1:XhCyGzp/fO6BA7oi3R2QZDCYp6PfCwrJp1aiHljOzwU=
github.com/worldiety/ioutil v0.0.0-20200709094242-7c369ff3ca19/go.mod h1:BdaPI7SxP9HTK7ixxvzsefmPKzrkRowbpT+1x3iPmmY=
github.com/worldiety/ioutil v0.0.0-20200709102146-bd8efcb2d8b4 h1:f/ZzzwOqm8+Ws5KorrXe0sLANYsVSZDgMfNQTZTk8lI=
github.com/worldiety/ioutil v0.0.0-20200709102146-bd8efcb2d8b4/go.mod h1:BdaPI7SxP9HTK7ixxvzsefmPKzrkRowbpT+1x3iPmmY=
github.com/worldiety/ioutil v0.0.0-20200709164019-ccfcc646538a h1:n1wQtqJQRW3U9P78cCCvWSihGcQ4g2772OLYPDIZH2I=
github.com/worldiety/ioutil v0.0.0-20200709164019-ccfcc646538a/go.mod h1:BdaPI7SxP9HTK7ixxvzsefmPKzrkRowbpT+1x3iPmmY=
github.com/worldiety/ioutil v0.0.0-20200710112403-a64eef5df4a2 h1:PXtd/umy/QXKusBJVVZTLCpJtAip4rg1Q4ffWMCKGIU=
github.com/worldiety/ioutil v0.0.0-20200710112403-a64eef5df4a2/go.mod h1:BdaPI7SxP9HTK7ixxvzsefmPKzrkRowbpT+1x3iPmmY=
